
Microsoft Visual Studio Solution File, Format Version 12.00
# Visual Studio Version 17
VisualStudioVersion = 17.9.34728.123
MinimumVisualStudioVersion = 10.0.40219.1
Project("{FAE04EC0-301F-11D3-BF4B-00C04F79EFBC}") = "MitiaMichman", "MitiaMichman\MitiaMichman.csproj", "{5F78D8C5-F66C-46EF-AA9A-4E337E2C4CA7}"
EndProject
Project("{FAE04EC0-301F-11D3-BF4B-00C04F79EFBC}") = "MitiaMichman2", "MitiaMichman2\MitiaMichman2.csproj", "{52ACBA3A-F3B9-4E28-B184-D5D47B8327CF}"
EndProject
Global
	GlobalSection(SolutionConfigurationPlatforms) = preSolution
		Debug|Any CPU = Debug|Any CPU
		Release|Any CPU = Release|Any CPU
	EndGlobalSection
	GlobalSection(ProjectConfigurationPlatforms) = postSolution
		{5F78D8C5-F66C-46EF-AA9A-4E337E2C4CA7}.Debug|Any CPU.ActiveCfg = Debug|Any CPU
		{5F78D8C5-F66C-46EF-AA9A-4E337E2C4CA7}.Debug|Any CPU.Build.0 = Debug|Any CPU
		{5F78D8C5-F66C-46EF-AA9A-4E337E2C4CA7}.Release|Any CPU.ActiveCfg = Release|Any CPU
		{5F78D8C5-F66C-46EF-AA9A-4E337E2C4CA7}.Release|Any CPU.Build.0 = Release|Any CPU
		{52ACBA3A-F3B9-4E28-B184-D5D47B8327CF}.Debug|Any CPU.ActiveCfg = Debug|Any CPU
		{52ACBA3A-F3B9-4E28-B184-D5D47B8327CF}.Debug|Any CPU.Build.0 = Debug|Any CPU
		{52ACBA3A-F3B9-4E28-B184-D5D47B8327CF}.Release|Any CPU.ActiveCfg = Release|Any CPU
		{52ACBA3A-F3B9-4E28-B184-D5D47B8327CF}.Release|Any CPU.Build.0 = Release|Any CPU
	EndGlobalSection
	GlobalSection(SolutionProperties) = preSolution
		HideSolutionNode = FALSE
	EndGlobalSection
	GlobalSection(ExtensibilityGlobals) = postSolution
		SolutionGuid = {6B53CBD1-2757-40D3-836F-69CC5EF3F86F}
	EndGlobalSection
EndGlobal
